
Microsoft Visual Studio Solution File, Format Version 12.00
# Visual Studio 2013
VisualStudioVersion = 12.0.40629.0
MinimumVisualStudioVersion = 10.0.40219.1
Project("{FAE04EC0-301F-11D3-BF4B-00C04F79EFBC}") = "Szt2_projekt", "Szt2_projekt\Szt2_projekt.csproj", "{6A301517-90D3-4460-945A-DF1D3620D514}"
EndProject
Project("{FAE04EC0-301F-11D3-BF4B-00C04F79EFBC}") = "SharedResource", "SharedResource\SharedResource.csproj", "{36AE8E79-E376-4651-AAAD-56FDBE7C1D1D}"
EndProject
Global
	GlobalSection(SolutionConfigurationPlatforms) = preSolution
		Debug|Any CPU = Debug|Any CPU
		Release|Any CPU = Release|Any CPU
	EndGlobalSection
	GlobalSection(ProjectConfigurationPlatforms) = postSolution
		{6A301517-90D3-4460-945A-DF1D3620D514}.Debug|Any CPU.ActiveCfg = Debug|Any CPU
		{6A301517-90D3-4460-945A-DF1D3620D514}.Debug|Any CPU.Build.0 = Debug|Any CPU
		{6A301517-90D3-4460-945A-DF1D3620D514}.Release|Any CPU.ActiveCfg = Release|Any CPU
		{6A301517-90D3-4460-945A-DF1D3620D514}.Release|Any CPU.Build.0 = Release|Any CPU
		{36AE8E79-E376-4651-AAAD-56FDBE7C1D1D}.Debug|Any CPU.ActiveCfg = Debug|Any CPU
		{36AE8E79-E376-4651-AAAD-56FDBE7C1D1D}.Debug|Any CPU.Build.0 = Debug|Any CPU
		{36AE8E79-E376-4651-AAAD-56FDBE7C1D1D}.Release|Any CPU.ActiveCfg = Release|Any CPU
		{36AE8E79-E376-4651-AAAD-56FDBE7C1D1D}.Release|Any CPU.Build.0 = Release|Any CPU
	EndGlobalSection
	GlobalSection(SolutionProperties) = preSolution
		HideSolutionNode = FALSE
	EndGlobalSection
EndGlobal
